{
  "name": "prisma-tech-talk",
  "version": "0.0.0",
  "lockfileVersion": 1,
  "requires": true,
  "dependencies": {
    "@prisma/cli": {
      "version": "2.0.0-beta.7",
      "resolved": "https://registry.npmjs.org/@prisma/cli/-/cli-2.0.0-beta.7.tgz",
      "integrity": "sha512-Cjz7h3lfG3mFb9KMSEISe1/lgtvsMgq4EViqBJuysTj6BTDNbVMx+rSQTOdY9+8xJFGUkWszE+aAyHRFEcKgAA==",
      "dev": true
    },
    "@prisma/client": {
      "version": "2.0.0-beta.7",
      "resolved": "https://registry.npmjs.org/@prisma/client/-/client-2.0.0-beta.7.tgz",
      "integrity": "sha512-sJg5fK8tgf9GsQ/doWqMyhwvq34eWCvyDnsO9CtgK8m7qSvBgHKA/ivfrkDKQWPpuzhm1kJlzs9wctqEadE6Yw==",
      "dev": true
    },
    "prettier": {
      "version": "2.0.5",
      "resolved": "https://registry.npmjs.org/prettier/-/prettier-2.0.5.tgz",
      "integrity": "sha512-7PtVymN48hGcO4fGjybyBSIWDsLU4H4XlvOHfq91pz9kkGlonzwTfYkaIEwiRg/dAJF9YlbsduBAgtYLi+8cFg==",
      "dev": true
    }
  }
}
